
Microsoft Visual Studio Solution File, Format Version 12.00
# Visual Studio 14
VisualStudioVersion = 14.0.25420.1
MinimumVisualStudioVersion = 10.0.40219.1
Project("{8BC9CEB8-8B4A-11D0-8D11-00A0C91BC942}") = "EngineCore", "EngineCore\EngineCore.vcxproj", "{7C920CD0-BF6B-4435-BCCF-90BBA758EA37}"
EndProject
Project("{8BC9CEB8-8B4A-11D0-8D11-00A0C91BC942}") = "StandaloneApp", "StandaloneApp\StandaloneApp.vcxproj", "{8D687938-FB33-44F9-BADB-312E844D30A5}"
EndProject
Project("{8BC9CEB8-8B4A-11D0-8D11-00A0C91BC942}") = "EditorApp", "EditorApp\EditorApp.vcxproj", "{EA839375-ABC9-4BA9-84B4-536254EB9697}"
EndProject
Global
	GlobalSection(SolutionConfigurationPlatforms) = preSolution
		Debug|x64 = Debug|x64
		Debug|x86 = Debug|x86
		Release|x64 = Release|x64
		Release|x86 = Release|x86
	EndGlobalSection
	GlobalSection(ProjectConfigurationPlatforms) = postSolution
		{7C920CD0-BF6B-4435-BCCF-90BBA758EA37}.Debug|x64.ActiveCfg = Debug|x64
		{7C920CD0-BF6B-4435-BCCF-90BBA758EA37}.Debug|x64.Build.0 = Debug|x64
		{7C920CD0-BF6B-4435-BCCF-90BBA758EA37}.Debug|x86.ActiveCfg = Debug|Win32
		{7C920CD0-BF6B-4435-BCCF-90BBA758EA37}.Debug|x86.Build.0 = Debug|Win32
		{7C920CD0-BF6B-4435-BCCF-90BBA758EA37}.Release|x64.ActiveCfg = Release|x64
		{7C920CD0-BF6B-4435-BCCF-90BBA758EA37}.Release|x64.Build.0 = Release|x64
		{7C920CD0-BF6B-4435-BCCF-90BBA758EA37}.Release|x86.ActiveCfg = Release|Win32
		{7C920CD0-BF6B-4435-BCCF-90BBA758EA37}.Release|x86.Build.0 = Release|Win32
		{8D687938-FB33-44F9-BADB-312E844D30A5}.Debug|x64.ActiveCfg = Debug|x64
		{8D687938-FB33-44F9-BADB-312E844D30A5}.Debug|x64.Build.0 = Debug|x64
		{8D687938-FB33-44F9-BADB-312E844D30A5}.Debug|x86.ActiveCfg = Debug|Win32
		{8D687938-FB33-44F9-BADB-312E844D30A5}.Debug|x86.Build.0 = Debug|Win32
		{8D687938-FB33-44F9-BADB-312E844D30A5}.Release|x64.ActiveCfg = Release|x64
		{8D687938-FB33-44F9-BADB-312E844D30A5}.Release|x64.Build.0 = Release|x64
		{8D687938-FB33-44F9-BADB-312E844D30A5}.Release|x86.ActiveCfg = Release|Win32
		{8D687938-FB33-44F9-BADB-312E844D30A5}.Release|x86.Build.0 = Release|Win32
		{EA839375-ABC9-4BA9-84B4-536254EB9697}.Debug|x64.ActiveCfg = Debug|x64
		{EA839375-ABC9-4BA9-84B4-536254EB9697}.Debug|x64.Build.0 = Debug|x64
		{EA839375-ABC9-4BA9-84B4-536254EB9697}.Debug|x86.ActiveCfg = Debug|Win32
		{EA839375-ABC9-4BA9-84B4-536254EB9697}.Debug|x86.Build.0 = Debug|Win32
		{EA839375-ABC9-4BA9-84B4-536254EB9697}.Release|x64.ActiveCfg = Release|x64
		{EA839375-ABC9-4BA9-84B4-536254EB9697}.Release|x64.Build.0 = Release|x64
		{EA839375-ABC9-4BA9-84B4-536254EB9697}.Release|x86.ActiveCfg = Release|Win32
		{EA839375-ABC9-4BA9-84B4-536254EB9697}.Release|x86.Build.0 = Release|Win32
	EndGlobalSection
	GlobalSection(SolutionProperties) = preSolution
		HideSolutionNode = FALSE
	EndGlobalSection
EndGlobal
