<?xml version="1.0" encoding="utf-8"?>
<Project ToolsVersion="4.0" xmlns="http://schemas.microsoft.com/developer/msbuild/2003">
  <ItemGroup>
    <Filter Include="Source Files">
      <UniqueIdentifier>{4FC737F1-C7A5-4376-A066-2A32D752A2FF}</UniqueIdentifier>
      <Extensions>cpp;c;cc;cxx;def;odl;idl;hpj;bat;asm;asmx</Extensions>
    </Filter>
    <Filter Include="Header Files">
      <UniqueIdentifier>{93995380-89BD-4b04-88EB-625FBE52EBFB}</UniqueIdentifier>
      <Extensions>h;hh;hpp;hxx;hm;inl;inc;xsd</Extensions>
    </Filter>
    <Filter Include="Header Files\Utils">
      <UniqueIdentifier>{3808969d-2584-4561-9c48-e4c896200605}</UniqueIdentifier>
    </Filter>
    <Filter Include="Source Files\Utils">
      <UniqueIdentifier>{d85b8fa5-9233-4206-b065-238014c0fe0c}</UniqueIdentifier>
    </Filter>
    <Filter Include="Header Files\GL">
      <UniqueIdentifier>{555c36ad-ef9f-4574-84d2-d76b41ce2f19}</UniqueIdentifier>
    </Filter>
    <Filter Include="Header Files\Helpers">
      <UniqueIdentifier>{fe789779-5b4c-4f65-bd42-4e261e710e0b}</UniqueIdentifier>
    </Filter>
    <Filter Include="Source Files\Helpers">
      <UniqueIdentifier>{40ca8460-c14b-4acb-87eb-c86fd0834038}</UniqueIdentifier>
    </Filter>
    <Filter Include="Source Files\GL">
      <UniqueIdentifier>{c04b5158-2fb4-4752-921d-333c66c0fb2d}</UniqueIdentifier>
    </Filter>
    <Filter Include="Header Files\Impl">
      <UniqueIdentifier>{80083e12-1e2d-4664-b4af-22ab1eed5dfd}</UniqueIdentifier>
    </Filter>
    <Filter Include="Source Files\Impl">
      <UniqueIdentifier>{cdba488d-ba4b-4813-b7b9-c2e0fa875dcc}</UniqueIdentifier>
    </Filter>
  </ItemGroup>
  <ItemGroup>
    <ClInclude Include="App.h">
      <Filter>Header Files</Filter>
    </ClInclude>
    <ClInclude Include="GlUtils.h">
      <Filter>Header Files\Utils</Filter>
    </ClInclude>
    <ClInclude Include="Utils.h">
      <Filter>Header Files\Utils</Filter>
    </ClInclude>
    <ClInclude Include="GLWrap.h">
      <Filter>Header Files\GL</Filter>
    </ClInclude>
    <ClInclude Include="Enums.h">
      <Filter>Header Files\GL</Filter>
    </ClInclude>
    <ClInclude Include="Logger.h">
      <Filter>Header Files\Utils</Filter>
    </ClInclude>
    <ClInclude Include="LibHeader.h">
      <Filter>Header Files\Helpers</Filter>
    </ClInclude>
    <ClInclude Include="Color.h">
      <Filter>Header Files\Helpers</Filter>
    </ClInclude>
    <ClInclude Include="GlInfo.h">
      <Filter>Header Files\GL</Filter>
    </ClInclude>
    <ClInclude Include="IPrintable.h">
      <Filter>Header Files\Helpers</Filter>
    </ClInclude>
    <ClInclude Include="Includes.h">
      <Filter>Header Files\Helpers</Filter>
    </ClInclude>
    <ClInclude Include="System.h">
      <Filter>Header Files</Filter>
    </ClInclude>
    <ClInclude Include="Shader.h">
      <Filter>Header Files\GL</Filter>
    </ClInclude>
    <ClInclude Include="Config.h">
      <Filter>Header Files\Helpers</Filter>
    </ClInclude>
    <ClInclude Include="FileUtils.h">
      <Filter>Header Files\Utils</Filter>
    </ClInclude>
    <ClInclude Include="EngineConfig.h">
      <Filter>Header Files\Helpers</Filter>
    </ClInclude>
    <ClInclude Include="ShaderManager.h">
      <Filter>Header Files\GL</Filter>
    </ClInclude>
    <ClInclude Include="GlProgram.h">
      <Filter>Header Files\GL</Filter>
    </ClInclude>
    <ClInclude Include="GlMaterial.h">
      <Filter>Header Files\GL</Filter>
    </ClInclude>
    <ClInclude Include="MaterialManager.h">
      <Filter>Header Files\GL</Filter>
    </ClInclude>
    <ClInclude Include="Mesh.h">
      <Filter>Header Files\Impl</Filter>
    </ClInclude>
    <ClInclude Include="GlConfig.h">
      <Filter>Header Files\GL</Filter>
    </ClInclude>
    <ClInclude Include="SceneManager.h">
      <Filter>Header Files\Impl</Filter>
    </ClInclude>
    <ClInclude Include="Scene.h">
      <Filter>Header Files\Impl</Filter>
    </ClInclude>
    <ClInclude Include="DataParser.h">
      <Filter>Header Files\Impl</Filter>
    </ClInclude>
    <ClInclude Include="GameObject.h">
      <Filter>Header Files\Impl</Filter>
    </ClInclude>
    <ClInclude Include="Material.h">
      <Filter>Header Files\Impl</Filter>
    </ClInclude>
    <ClInclude Include="BaseMeshManager.h">
      <Filter>Header Files\Impl</Filter>
    </ClInclude>
    <ClInclude Include="GlRender.h">
      <Filter>Header Files\GL</Filter>
    </ClInclude>
    <ClInclude Include="GlMesh.h">
      <Filter>Header Files\GL</Filter>
    </ClInclude>
    <ClInclude Include="Camera.h">
      <Filter>Header Files\Impl</Filter>
    </ClInclude>
  </ItemGroup>
  <ItemGroup>
    <ClCompile Include="App.cpp">
      <Filter>Source Files</Filter>
    </ClCompile>
    <ClCompile Include="GlUtils.cpp">
      <Filter>Source Files\Utils</Filter>
    </ClCompile>
    <ClCompile Include="Utils.cpp">
      <Filter>Source Files\Utils</Filter>
    </ClCompile>
    <ClCompile Include="Logger.cpp">
      <Filter>Source Files\Helpers</Filter>
    </ClCompile>
    <ClCompile Include="Color.cpp">
      <Filter>Source Files\Helpers</Filter>
    </ClCompile>
    <ClCompile Include="Shader.cpp">
      <Filter>Source Files\GL</Filter>
    </ClCompile>
    <ClCompile Include="FileUtils.cpp">
      <Filter>Source Files\Utils</Filter>
    </ClCompile>
    <ClCompile Include="ShaderManager.cpp">
      <Filter>Source Files\GL</Filter>
    </ClCompile>
    <ClCompile Include="GlProgram.cpp">
      <Filter>Source Files\GL</Filter>
    </ClCompile>
    <ClCompile Include="GlMaterial.cpp">
      <Filter>Source Files\GL</Filter>
    </ClCompile>
    <ClCompile Include="MaterialManager.cpp">
      <Filter>Source Files\GL</Filter>
    </ClCompile>
    <ClCompile Include="Mesh.cpp">
      <Filter>Source Files\Impl</Filter>
    </ClCompile>
    <ClCompile Include="System.cpp">
      <Filter>Source Files\Impl</Filter>
    </ClCompile>
    <ClCompile Include="Scene.cpp">
      <Filter>Source Files\Impl</Filter>
    </ClCompile>
    <ClCompile Include="SceneManager.cpp">
      <Filter>Source Files\Impl</Filter>
    </ClCompile>
    <ClCompile Include="DataParser.cpp">
      <Filter>Source Files\Impl</Filter>
    </ClCompile>
    <ClCompile Include="GameObject.cpp">
      <Filter>Source Files\Impl</Filter>
    </ClCompile>
    <ClCompile Include="Material.cpp">
      <Filter>Source Files\Impl</Filter>
    </ClCompile>
    <ClCompile Include="BaseMeshManager.cpp">
      <Filter>Source Files\Impl</Filter>
    </ClCompile>
    <ClCompile Include="GlMesh.cpp">
      <Filter>Source Files\GL</Filter>
    </ClCompile>
    <ClCompile Include="GlRender.cpp">
      <Filter>Source Files\GL</Filter>
    </ClCompile>
    <ClCompile Include="Camera.cpp">
      <Filter>Source Files</Filter>
    </ClCompile>
  </ItemGroup>
</Project>